
Microsoft Visual Studio Solution File, Format Version 12.00
# Visual Studio 15
VisualStudioVersion = 15.0.26124.0
MinimumVisualStudioVersion = 15.0.26124.0
Project("{FAE04EC0-301F-11D3-BF4B-00C04F79EFBC}") = "Quay-hotel.Api", "Quay-hotel.Api\Quay-hotel.Api.csproj", "{9D616115-35F0-41A3-B010-24CA1F0FE3A6}"
EndProject
Project("{FAE04EC0-301F-11D3-BF4B-00C04F79EFBC}") = "Quay-hotel.Domain", "Quay-hotel.Domain\Quay-hotel.Domain.csproj", "{BEEDDA07-7356-4CEF-9A23-3364695B04D7}"
EndProject
Project("{FAE04EC0-301F-11D3-BF4B-00C04F79EFBC}") = "Quay-hotel.Infra", "Quay-hotel.Infra\Quay-hotel.Infra.csproj", "{312741D4-487F-4287-A366-1E8216783CB8}"
EndProject
Project("{FAE04EC0-301F-11D3-BF4B-00C04F79EFBC}") = "Quay-hotel.Shared", "Quay-hotel.Shared\Quay-hotel.Shared.csproj", "{984C46BD-7AD7-4A03-BECE-D31DD8FADB7D}"
EndProject
Project("{FAE04EC0-301F-11D3-BF4B-00C04F79EFBC}") = "Quay-hotel.Test", "Quay-hotel.Test\Quay-hotel.Test.csproj", "{3B583AEB-8C4E-4625-831A-E28860F8D38E}"
EndProject
Global
	GlobalSection(SolutionConfigurationPlatforms) = preSolution
		Debug|Any CPU = Debug|Any CPU
		Debug|x64 = Debug|x64
		Debug|x86 = Debug|x86
		Release|Any CPU = Release|Any CPU
		Release|x64 = Release|x64
		Release|x86 = Release|x86
	EndGlobalSection
	GlobalSection(SolutionProperties) = preSolution
		HideSolutionNode = FALSE
	EndGlobalSection
	GlobalSection(ProjectConfigurationPlatforms) = postSolution
		{9D616115-35F0-41A3-B010-24CA1F0FE3A6}.Debug|Any CPU.ActiveCfg = Debug|Any CPU
		{9D616115-35F0-41A3-B010-24CA1F0FE3A6}.Debug|Any CPU.Build.0 = Debug|Any CPU
		{9D616115-35F0-41A3-B010-24CA1F0FE3A6}.Debug|x64.ActiveCfg = Debug|Any CPU
		{9D616115-35F0-41A3-B010-24CA1F0FE3A6}.Debug|x64.Build.0 = Debug|Any CPU
		{9D616115-35F0-41A3-B010-24CA1F0FE3A6}.Debug|x86.ActiveCfg = Debug|Any CPU
		{9D616115-35F0-41A3-B010-24CA1F0FE3A6}.Debug|x86.Build.0 = Debug|Any CPU
		{9D616115-35F0-41A3-B010-24CA1F0FE3A6}.Release|Any CPU.ActiveCfg = Release|Any CPU
		{9D616115-35F0-41A3-B010-24CA1F0FE3A6}.Release|Any CPU.Build.0 = Release|Any CPU
		{9D616115-35F0-41A3-B010-24CA1F0FE3A6}.Release|x64.ActiveCfg = Release|Any CPU
		{9D616115-35F0-41A3-B010-24CA1F0FE3A6}.Release|x64.Build.0 = Release|Any CPU
		{9D616115-35F0-41A3-B010-24CA1F0FE3A6}.Release|x86.ActiveCfg = Release|Any CPU
		{9D616115-35F0-41A3-B010-24CA1F0FE3A6}.Release|x86.Build.0 = Release|Any CPU
		{BEEDDA07-7356-4CEF-9A23-3364695B04D7}.Debug|Any CPU.ActiveCfg = Debug|Any CPU
		{BEEDDA07-7356-4CEF-9A23-3364695B04D7}.Debug|Any CPU.Build.0 = Debug|Any CPU
		{BEEDDA07-7356-4CEF-9A23-3364695B04D7}.Debug|x64.ActiveCfg = Debug|Any CPU
		{BEEDDA07-7356-4CEF-9A23-3364695B04D7}.Debug|x64.Build.0 = Debug|Any CPU
		{BEEDDA07-7356-4CEF-9A23-3364695B04D7}.Debug|x86.ActiveCfg = Debug|Any CPU
		{BEEDDA07-7356-4CEF-9A23-3364695B04D7}.Debug|x86.Build.0 = Debug|Any CPU
		{BEEDDA07-7356-4CEF-9A23-3364695B04D7}.Release|Any CPU.ActiveCfg = Release|Any CPU
		{BEEDDA07-7356-4CEF-9A23-3364695B04D7}.Release|Any CPU.Build.0 = Release|Any CPU
		{BEEDDA07-7356-4CEF-9A23-3364695B04D7}.Release|x64.ActiveCfg = Release|Any CPU
		{BEEDDA07-7356-4CEF-9A23-3364695B04D7}.Release|x64.Build.0 = Release|Any CPU
		{BEEDDA07-7356-4CEF-9A23-3364695B04D7}.Release|x86.ActiveCfg = Release|Any CPU
		{BEEDDA07-7356-4CEF-9A23-3364695B04D7}.Release|x86.Build.0 = Release|Any CPU
		{312741D4-487F-4287-A366-1E8216783CB8}.Debug|Any CPU.ActiveCfg = Debug|Any CPU
		{312741D4-487F-4287-A366-1E8216783CB8}.Debug|Any CPU.Build.0 = Debug|Any CPU
		{312741D4-487F-4287-A366-1E8216783CB8}.Debug|x64.ActiveCfg = Debug|Any CPU
		{312741D4-487F-4287-A366-1E8216783CB8}.Debug|x64.Build.0 = Debug|Any CPU
		{312741D4-487F-4287-A366-1E8216783CB8}.Debug|x86.ActiveCfg = Debug|Any CPU
		{312741D4-487F-4287-A366-1E8216783CB8}.Debug|x86.Build.0 = Debug|Any CPU
		{312741D4-487F-4287-A366-1E8216783CB8}.Release|Any CPU.ActiveCfg = Release|Any CPU
		{312741D4-487F-4287-A366-1E8216783CB8}.Release|Any CPU.Build.0 = Release|Any CPU
		{312741D4-487F-4287-A366-1E8216783CB8}.Release|x64.ActiveCfg = Release|Any CPU
		{312741D4-487F-4287-A366-1E8216783CB8}.Release|x64.Build.0 = Release|Any CPU
		{312741D4-487F-4287-A366-1E8216783CB8}.Release|x86.ActiveCfg = Release|Any CPU
		{312741D4-487F-4287-A366-1E8216783CB8}.Release|x86.Build.0 = Release|Any CPU
		{984C46BD-7AD7-4A03-BECE-D31DD8FADB7D}.Debug|Any CPU.ActiveCfg = Debug|Any CPU
		{984C46BD-7AD7-4A03-BECE-D31DD8FADB7D}.Debug|Any CPU.Build.0 = Debug|Any CPU
		{984C46BD-7AD7-4A03-BECE-D31DD8FADB7D}.Debug|x64.ActiveCfg = Debug|Any CPU
		{984C46BD-7AD7-4A03-BECE-D31DD8FADB7D}.Debug|x64.Build.0 = Debug|Any CPU
		{984C46BD-7AD7-4A03-BECE-D31DD8FADB7D}.Debug|x86.ActiveCfg = Debug|Any CPU
		{984C46BD-7AD7-4A03-BECE-D31DD8FADB7D}.Debug|x86.Build.0 = Debug|Any CPU
		{984C46BD-7AD7-4A03-BECE-D31DD8FADB7D}.Release|Any CPU.ActiveCfg = Release|Any CPU
		{984C46BD-7AD7-4A03-BECE-D31DD8FADB7D}.Release|Any CPU.Build.0 = Release|Any CPU
		{984C46BD-7AD7-4A03-BECE-D31DD8FADB7D}.Release|x64.ActiveCfg = Release|Any CPU
		{984C46BD-7AD7-4A03-BECE-D31DD8FADB7D}.Release|x64.Build.0 = Release|Any CPU
		{984C46BD-7AD7-4A03-BECE-D31DD8FADB7D}.Release|x86.ActiveCfg = Release|Any CPU
		{984C46BD-7AD7-4A03-BECE-D31DD8FADB7D}.Release|x86.Build.0 = Release|Any CPU
		{3B583AEB-8C4E-4625-831A-E28860F8D38E}.Debug|Any CPU.ActiveCfg = Debug|Any CPU
		{3B583AEB-8C4E-4625-831A-E28860F8D38E}.Debug|Any CPU.Build.0 = Debug|Any CPU
		{3B583AEB-8C4E-4625-831A-E28860F8D38E}.Debug|x64.ActiveCfg = Debug|Any CPU
		{3B583AEB-8C4E-4625-831A-E28860F8D38E}.Debug|x64.Build.0 = Debug|Any CPU
		{3B583AEB-8C4E-4625-831A-E28860F8D38E}.Debug|x86.ActiveCfg = Debug|Any CPU
		{3B583AEB-8C4E-4625-831A-E28860F8D38E}.Debug|x86.Build.0 = Debug|Any CPU
		{3B583AEB-8C4E-4625-831A-E28860F8D38E}.Release|Any CPU.ActiveCfg = Release|Any CPU
		{3B583AEB-8C4E-4625-831A-E28860F8D38E}.Release|Any CPU.Build.0 = Release|Any CPU
		{3B583AEB-8C4E-4625-831A-E28860F8D38E}.Release|x64.ActiveCfg = Release|Any CPU
		{3B583AEB-8C4E-4625-831A-E28860F8D38E}.Release|x64.Build.0 = Release|Any CPU
		{3B583AEB-8C4E-4625-831A-E28860F8D38E}.Release|x86.ActiveCfg = Release|Any CPU
		{3B583AEB-8C4E-4625-831A-E28860F8D38E}.Release|x86.Build.0 = Release|Any CPU
	EndGlobalSection
EndGlobal
